{
  "requires": true,
  "lockfileVersion": 1,
  "dependencies": {
    "@babel/runtime": {
      "version": "7.15.4",
      "resolved": "https://r.cnpmjs.org/@babel/runtime/download/@babel/runtime-7.15.4.tgz",
      "integrity": "sha1-/RfRa/34eObdAtGXU6OfqKjZyEo=",
      "requires": {
        "regenerator-runtime": "^0.13.4"
      }
    },
    "@nuxtjs/axios": {
      "version": "5.13.6",
      "resolved": "https://r.cnpmjs.org/@nuxtjs/axios/download/@nuxtjs/axios-5.13.6.tgz",
      "integrity": "sha1-b0u9mKOneZpdLAcmxq0qmKoRGIE=",
      "requires": {
        "@nuxtjs/proxy": "^2.1.0",
        "axios": "^0.21.1",
        "axios-retry": "^3.1.9",
        "consola": "^2.15.3",
        "defu": "^5.0.0"
      }
    },
    "@nuxtjs/proxy": {
      "version": "2.1.0",
      "resolved": "https://r.cnpmjs.org/@nuxtjs/proxy/download/@nuxtjs/proxy-2.1.0.tgz",
      "integrity": "sha1-+ncVoR0jf6EnNQPE6eE33Rv1V1s=",
      "requires": {
        "http-proxy-middleware": "^1.0.6"
      }
    },
    "@types/http-proxy": {
      "version": "1.17.7",
      "resolved": "https://r.cnpmjs.org/@types/http-proxy/download/@types/http-proxy-1.17.7.tgz",
      "integrity": "sha1-MOqFzCyGg2g1Kjfw0NNYHiSDTG8=",
      "requires": {
        "@types/node": "*"
      }
    },
    "@types/node": {
      "version": "16.11.4",
      "resolved": "https://r.cnpmjs.org/@types/node/download/@types/node-16.11.4.tgz",
      "integrity": "sha1-kHcRJIItZmOBT3wcm0WmZU2P2WQ="
    },
    "axios": {
      "version": "0.21.4",
      "resolved": "https://r.cnpmjs.org/axios/download/axios-0.21.4.tgz",
      "integrity": "sha1-xnuQ3AVo5cHPKwuFjEO6KOLtpXU=",
      "requires": {
        "follow-redirects": "^1.14.0"
      }
    },
    "axios-retry": {
      "version": "3.2.3",
      "resolved": "https://r.cnpmjs.org/axios-retry/download/axios-retry-3.2.3.tgz",
      "integrity": "sha1-yIny5AjyYWrhjhkNE4fJO9SltuI=",
      "requires": {
        "@babel/runtime": "^7.15.4",
        "is-retry-allowed": "^2.2.0"
      }
    },
    "braces": {
      "version": "3.0.2",
      "resolved": "https://r.cnpmjs.org/braces/download/braces-3.0.2.tgz",
      "integrity": "sha1-NFThpGLujVmeI23zNs2epPiv4Qc=",
      "requires": {
        "fill-range": "^7.0.1"
      }
    },
    "consola": {
      "version": "2.15.3",
      "resolved": "https://r.cnpmjs.org/consola/download/consola-2.15.3.tgz",
      "integrity": "sha1-LhH5jWpL5x/3LgvfB70j4Sy2FVA="
    },
    "defu": {
      "version": "5.0.0",
      "resolved": "https://r.cnpmjs.org/defu/download/defu-5.0.0.tgz",
      "integrity": "sha1-V2jw1AKlVb/EwmckayD4LOi1oQs="
    },
    "eventemitter3": {
      "version": "4.0.7",
      "resolved": "https://r.cnpmjs.org/eventemitter3/download/eventemitter3-4.0.7.tgz",
      "integrity": "sha1-Lem2j2Uo1WRO9cWVJqG0oHMGFp8="
    },
    "fill-range": {
      "version": "7.0.1",
      "resolved": "https://r.cnpmjs.org/fill-range/download/fill-range-7.0.1.tgz",
      "integrity": "sha1-GRmmp8df44ssfHflGYU12prN2kA=",
      "requires": {
        "to-regex-range": "^5.0.1"
      }
    },
    "follow-redirects": {
      "version": "1.14.4",
      "resolved": "https://r.cnpmjs.org/follow-redirects/download/follow-redirects-1.14.4.tgz",
      "integrity": "sha1-g4/fSKi73XnlLuUfsclOPtmLk3k="
    },
    "http-proxy": {
      "version": "1.18.1",
      "resolved": "https://r.cnpmjs.org/http-proxy/download/http-proxy-1.18.1.tgz",
      "integrity": "sha1-QBVB8FNIhLv5UmAzTnL4juOXZUk=",
      "requires": {
        "eventemitter3": "^4.0.0",
        "follow-redirects": "^1.0.0",
        "requires-port": "^1.0.0"
      }
    },
    "http-proxy-middleware": {
      "version": "1.3.1",
      "resolved": "https://r.cnpmjs.org/http-proxy-middleware/download/http-proxy-middleware-1.3.1.tgz",
      "integrity": "sha1-Q3ANbZ7st0Gb8IahKND3IF2etmU=",
      "requires": {
        "@types/http-proxy": "^1.17.5",
        "http-proxy": "^1.18.1",
        "is-glob": "^4.0.1",
        "is-plain-obj": "^3.0.0",
        "micromatch": "^4.0.2"
      }
    },
    "is-extglob": {
      "version": "2.1.1",
      "resolved": "https://r.cnpmjs.org/is-extglob/download/is-extglob-2.1.1.tgz",
      "integrity": "sha1-qIwCU1eR8C7TfHahueqXc8gz+MI="
    },
    "is-glob": {
      "version": "4.0.3",
      "resolved": "https://r.cnpmjs.org/is-glob/download/is-glob-4.0.3.tgz",
      "integrity": "sha1-ZPYeQsu7LuwgcanawLKLoeZdUIQ=",
      "requires": {
        "is-extglob": "^2.1.1"
      }
    },
    "is-number": {
      "version": "7.0.0",
      "resolved": "https://r.cnpmjs.org/is-number/download/is-number-7.0.0.tgz",
      "integrity": "sha1-dTU0W4lnNNX4DE0GxQlVUnoU8Ss="
    },
    "is-plain-obj": {
      "version": "3.0.0",
      "resolved": "https://r.cnpmjs.org/is-plain-obj/download/is-plain-obj-3.0.0.tgz",
      "integrity": "sha1-r28uoUrFpkYYOlu9tbqrvBVq2dc="
    },
    "is-retry-allowed": {
      "version": "2.2.0",
      "resolved": "https://r.cnpmjs.org/is-retry-allowed/download/is-retry-allowed-2.2.0.tgz",
      "integrity": "sha1-iPNMvSNuBD5xtpMtCbDGX7e01x0="
    },
    "micromatch": {
      "version": "4.0.4",
      "resolved": "https://r.cnpmjs.org/micromatch/download/micromatch-4.0.4.tgz",
      "integrity": "sha1-iW1Rnf6dsl/OlM63pQCRm/iB6/k=",
      "requires": {
        "braces": "^3.0.1",
        "picomatch": "^2.2.3"
      }
    },
    "picomatch": {
      "version": "2.3.0",
      "resolved": "https://r.cnpmjs.org/picomatch/download/picomatch-2.3.0.tgz",
      "integrity": "sha1-8fBh3o9qS/AiiS4tEoI0+5gwKXI="
    },
    "regenerator-runtime": {
      "version": "0.13.9",
      "resolved": "https://r.cnpmjs.org/regenerator-runtime/download/regenerator-runtime-0.13.9.tgz",
      "integrity": "sha1-iSV0Kpj/2QgUmI11Zq0wyjsmO1I="
    },
    "requires-port": {
      "version": "1.0.0",
      "resolved": "https://r.cnpmjs.org/requires-port/download/requires-port-1.0.0.tgz",
      "integrity": "sha1-kl0mAdOaxIXgkc8NpcbmlNw9yv8="
    },
    "to-regex-range": {
      "version": "5.0.1",
      "resolved": "https://r.cnpmjs.org/to-regex-range/download/to-regex-range-5.0.1.tgz",
      "integrity": "sha1-FkjESq58jZiKMmAY7XL1tN0DkuQ=",
      "requires": {
        "is-number": "^7.0.0"
      }
    }
  }
}
